// !$*UTF8*$!
{
	archiveVersion = 1;
	classes = {
	};
	objectVersion = 56;
	objects = {

/* Begin PBXBuildFile section */
		A996F8ED2B21A608004534A4 /* ProfileView.swift in Sources */ = {isa = PBXBuildFile; fileRef = A996F8EC2B21A608004534A4 /* ProfileView.swift */; };
		A996F8EF2B21A643004534A4 /* EditProfileView.swift in Sources */ = {isa = PBXBuildFile; fileRef = A996F8EE2B21A643004534A4 /* EditProfileView.swift */; };
		A996F8F12B21A673004534A4 /* EditAddressView.swift in Sources */ = {isa = PBXBuildFile; fileRef = A996F8F02B21A673004534A4 /* EditAddressView.swift */; };
		A996F8F32B21A68B004534A4 /* AddAddressView.swift in Sources */ = {isa = PBXBuildFile; fileRef = A996F8F22B21A68B004534A4 /* AddAddressView.swift */; };
		A996F8F72B21A6BE004534A4 /* NotificationView.swift in Sources */ = {isa = PBXBuildFile; fileRef = A996F8F62B21A6BE004534A4 /* NotificationView.swift */; };
		A996F8F92B21A6DB004534A4 /* LanguageView.swift in Sources */ = {isa = PBXBuildFile; fileRef = A996F8F82B21A6DB004534A4 /* LanguageView.swift */; };
		A996F8FF2B21A715004534A4 /* LogoutView.swift in Sources */ = {isa = PBXBuildFile; fileRef = A996F8FE2B21A715004534A4 /* LogoutView.swift */; };
		A996F9292B23CBFB004534A4 /* ProfileModel.swift in Sources */ = {isa = PBXBuildFile; fileRef = A996F9282B23CBFB004534A4 /* ProfileModel.swift */; };
		A9B7AD3F2B0F6DD400D5AF06 /* FirstCapstoneApp.swift in Sources */ = {isa = PBXBuildFile; fileRef = A9B7AD3E2B0F6DD400D5AF06 /* FirstCapstoneApp.swift */; };
		A9B7AD432B0F6DD600D5AF06 /* Assets.xcassets in Resources */ = {isa = PBXBuildFile; fileRef = A9B7AD422B0F6DD600D5AF06 /* Assets.xcassets */; };
		A9B7AD462B0F6DD600D5AF06 /* Preview Assets.xcassets in Resources */ = {isa = PBXBuildFile; fileRef = A9B7AD452B0F6DD600D5AF06 /* Preview Assets.xcassets */; };
		A9B7ADA62B152B5C00D5AF06 /* Tabbar.swift in Sources */ = {isa = PBXBuildFile; fileRef = A9B7ADA52B152B5C00D5AF06 /* Tabbar.swift */; };
		A9B7ADB22B153DBD00D5AF06 /* ButtomBarView.swift in Sources */ = {isa = PBXBuildFile; fileRef = A9B7ADB12B153DBD00D5AF06 /* ButtomBarView.swift */; };
		A9EDA7A02B2519FA00A0E502 /* UserModel.swift in Sources */ = {isa = PBXBuildFile; fileRef = A9EDA79F2B2519FA00A0E502 /* UserModel.swift */; };
		A9EDA7A22B251A0B00A0E502 /* UserViewModel.swift in Sources */ = {isa = PBXBuildFile; fileRef = A9EDA7A12B251A0B00A0E502 /* UserViewModel.swift */; };
		A9EDA7A52B2558E800A0E502 /* Lottie in Frameworks */ = {isa = PBXBuildFile; productRef = A9EDA7A42B2558E800A0E502 /* Lottie */; };
		A9EDA7B12B256A6A00A0E502 /* Item.swift in Sources */ = {isa = PBXBuildFile; fileRef = A9EDA7B02B256A6A00A0E502 /* Item.swift */; };
		A9EDA7B32B256A8C00A0E502 /* Items.swift in Sources */ = {isa = PBXBuildFile; fileRef = A9EDA7B22B256A8C00A0E502 /* Items.swift */; };
		A9EDA7B52B256ACA00A0E502 /* ClassViewModel.swift in Sources */ = {isa = PBXBuildFile; fileRef = A9EDA7B42B256ACA00A0E502 /* ClassViewModel.swift */; };
		A9EDA7B72B256AFD00A0E502 /* SearchBar.swift in Sources */ = {isa = PBXBuildFile; fileRef = A9EDA7B62B256AFD00A0E502 /* SearchBar.swift */; };
		A9EDA7B92B256B2A00A0E502 /* CustomSegmentedPicker.swift in Sources */ = {isa = PBXBuildFile; fileRef = A9EDA7B82B256B2A00A0E502 /* CustomSegmentedPicker.swift */; };
		A9EDA7BB2B256B4300A0E502 /* ClearButton.swift in Sources */ = {isa = PBXBuildFile; fileRef = A9EDA7BA2B256B4300A0E502 /* ClearButton.swift */; };
		A9EDA7BD2B256B7200A0E502 /* HeaderView.swift in Sources */ = {isa = PBXBuildFile; fileRef = A9EDA7BC2B256B7200A0E502 /* HeaderView.swift */; };
		A9EDA7BF2B256B8100A0E502 /* TrackItemView.swift in Sources */ = {isa = PBXBuildFile; fileRef = A9EDA7BE2B256B8100A0E502 /* TrackItemView.swift */; };
		A9EDA7C12B256B9100A0E502 /* OfferSelectionView.swift in Sources */ = {isa = PBXBuildFile; fileRef = A9EDA7C02B256B9100A0E502 /* OfferSelectionView.swift */; };
		A9EDA7C32B256BAA00A0E502 /* TrackingHistoryView.swift in Sources */ = {isa = PBXBuildFile; fileRef = A9EDA7C22B256BAA00A0E502 /* TrackingHistoryView.swift */; };
		A9EDA7C52B256BC000A0E502 /* ShipmentDetailsView.swift in Sources */ = {isa = PBXBuildFile; fileRef = A9EDA7C42B256BC000A0E502 /* ShipmentDetailsView.swift */; };
		A9EDA7C72B256BD200A0E502 /* ShipmentPointView.swift in Sources */ = {isa = PBXBuildFile; fileRef = A9EDA7C62B256BD200A0E502 /* ShipmentPointView.swift */; };
		A9EDA7C92B256BE700A0E502 /* WeightQuantityView.swift in Sources */ = {isa = PBXBuildFile; fileRef = A9EDA7C82B256BE700A0E502 /* WeightQuantityView.swift */; };
		A9EDA7CB2B256BFB00A0E502 /* ActionButtonView.swift in Sources */ = {isa = PBXBuildFile; fileRef = A9EDA7CA2B256BFB00A0E502 /* ActionButtonView.swift */; };
		A9EDA7CD2B256C0C00A0E502 /* ShipmentBox.swift in Sources */ = {isa = PBXBuildFile; fileRef = A9EDA7CC2B256C0C00A0E502 /* ShipmentBox.swift */; };
		A9EDA7CF2B256C3C00A0E502 /* ShipmentDestinationView.swift in Sources */ = {isa = PBXBuildFile; fileRef = A9EDA7CE2B256C3C00A0E502 /* ShipmentDestinationView.swift */; };
		A9EDA7D12B256C4C00A0E502 /* ShipmentQuantityView.swift in Sources */ = {isa = PBXBuildFile; fileRef = A9EDA7D02B256C4C00A0E502 /* ShipmentQuantityView.swift */; };
		A9EDA7D32B256C6100A0E502 /* DeliveryOptionsView.swift in Sources */ = {isa = PBXBuildFile; fileRef = A9EDA7D22B256C6100A0E502 /* DeliveryOptionsView.swift */; };
		A9EDA7D52B256C7D00A0E502 /* ShipmentPickPoints.swift in Sources */ = {isa = PBXBuildFile; fileRef = A9EDA7D42B256C7D00A0E502 /* ShipmentPickPoints.swift */; };
		A9EDA7D72B256C9400A0E502 /* ShipmentDetailView.swift in Sources */ = {isa = PBXBuildFile; fileRef = A9EDA7D62B256C9400A0E502 /* ShipmentDetailView.swift */; };
		A9EDA7D92B256CAC00A0E502 /* ShipmentTypeView.swift in Sources */ = {isa = PBXBuildFile; fileRef = A9EDA7D82B256CAC00A0E502 /* ShipmentTypeView.swift */; };
		A9EDA7DB2B256CC300A0E502 /* ShipmentTrackingView.swift in Sources */ = {isa = PBXBuildFile; fileRef = A9EDA7DA2B256CC300A0E502 /* ShipmentTrackingView.swift */; };
		A9EDA7DD2B256DE600A0E502 /* HomeView.swift in Sources */ = {isa = PBXBuildFile; fileRef = A9EDA7DC2B256DE600A0E502 /* HomeView.swift */; };
		A9EDA7DF2B256DF500A0E502 /* CheckRatesView.swift in Sources */ = {isa = PBXBuildFile; fileRef = A9EDA7DE2B256DF500A0E502 /* CheckRatesView.swift */; };
		A9EDA7E12B256E0000A0E502 /* RatesView.swift in Sources */ = {isa = PBXBuildFile; fileRef = A9EDA7E02B256E0000A0E502 /* RatesView.swift */; };
		A9EDA7E32B256E1300A0E502 /* TrackingView.swift in Sources */ = {isa = PBXBuildFile; fileRef = A9EDA7E22B256E1300A0E502 /* TrackingView.swift */; };
		A9EDA7E52B256E2300A0E502 /* LiveTracking.swift in Sources */ = {isa = PBXBuildFile; fileRef = A9EDA7E42B256E2300A0E502 /* LiveTracking.swift */; };
		A9EDA7E72B256E3300A0E502 /* AddShipmentView.swift in Sources */ = {isa = PBXBuildFile; fileRef = A9EDA7E62B256E3300A0E502 /* AddShipmentView.swift */; };
		A9EDA7E92B256E3E00A0E502 /* ParcelView.swift in Sources */ = {isa = PBXBuildFile; fileRef = A9EDA7E82B256E3E00A0E502 /* ParcelView.swift */; };
		A9EDA7EB2B256E4B00A0E502 /* PaymentMethod.swift in Sources */ = {isa = PBXBuildFile; fileRef = A9EDA7EA2B256E4B00A0E502 /* PaymentMethod.swift */; };
		A9EDA7ED2B256E5800A0E502 /* Vouchers.swift in Sources */ = {isa = PBXBuildFile; fileRef = A9EDA7EC2B256E5800A0E502 /* Vouchers.swift */; };
		A9EDA7EF2B25737100A0E502 /* DeliverModel.swift in Sources */ = {isa = PBXBuildFile; fileRef = A9EDA7EE2B25737100A0E502 /* DeliverModel.swift */; };
		A9EDA7F12B25737F00A0E502 /* ParcelModel.swift in Sources */ = {isa = PBXBuildFile; fileRef = A9EDA7F02B25737F00A0E502 /* ParcelModel.swift */; };
		A9EDA7F62B2573ED00A0E502 /* ChatViewModel.swift in Sources */ = {isa = PBXBuildFile; fileRef = A9EDA7F52B2573ED00A0E502 /* ChatViewModel.swift */; };
		A9EDA7F82B2573FB00A0E502 /* DeliverViewModel.swift in Sources */ = {isa = PBXBuildFile; fileRef = A9EDA7F72B2573FB00A0E502 /* DeliverViewModel.swift */; };
		A9EDA7FA2B25740500A0E502 /* ParcelViewModel.swift in Sources */ = {isa = PBXBuildFile; fileRef = A9EDA7F92B25740500A0E502 /* ParcelViewModel.swift */; };
		A9EDA7FC2B25742200A0E502 /* OnBoardingView.swift in Sources */ = {isa = PBXBuildFile; fileRef = A9EDA7FB2B25742200A0E502 /* OnBoardingView.swift */; };
		A9EDA7FE2B25742B00A0E502 /* WelcomeView.swift in Sources */ = {isa = PBXBuildFile; fileRef = A9EDA7FD2B25742B00A0E502 /* WelcomeView.swift */; };
		A9EDA8012B25744800A0E502 /* SignInView.swift in Sources */ = {isa = PBXBuildFile; fileRef = A9EDA8002B25744800A0E502 /* SignInView.swift */; };
		A9EDA8032B25745C00A0E502 /* SignUpView.swift in Sources */ = {isa = PBXBuildFile; fileRef = A9EDA8022B25745C00A0E502 /* SignUpView.swift */; };
		A9EDA8052B25747000A0E502 /* EmailField.swift in Sources */ = {isa = PBXBuildFile; fileRef = A9EDA8042B25747000A0E502 /* EmailField.swift */; };
		A9EDA8072B25747B00A0E502 /* PasswordField.swift in Sources */ = {isa = PBXBuildFile; fileRef = A9EDA8062B25747B00A0E502 /* PasswordField.swift */; };
		A9EDA8092B25748F00A0E502 /* FullnameField.swift in Sources */ = {isa = PBXBuildFile; fileRef = A9EDA8082B25748F00A0E502 /* FullnameField.swift */; };
		A9EDA80B2B2574A500A0E502 /* MapView.swift in Sources */ = {isa = PBXBuildFile; fileRef = A9EDA80A2B2574A500A0E502 /* MapView.swift */; };
		A9EDA80D2B2574B000A0E502 /* ChatView.swift in Sources */ = {isa = PBXBuildFile; fileRef = A9EDA80C2B2574B000A0E502 /* ChatView.swift */; };
		A9EDA80F2B2574BB00A0E502 /* CardView.swift in Sources */ = {isa = PBXBuildFile; fileRef = A9EDA80E2B2574BB00A0E502 /* CardView.swift */; };
		A9EDA8122B25795F00A0E502 /* Localizable.strings in Resources */ = {isa = PBXBuildFile; fileRef = A9EDA8142B25795F00A0E502 /* Localizable.strings */; };
		A9EDA8182B258BA200A0E502 /* LocalizationViewModel.swift in Sources */ = {isa = PBXBuildFile; fileRef = A9EDA8172B258BA200A0E502 /* LocalizationViewModel.swift */; };
/* End PBXBuildFile section */

/* Begin PBXFileReference section */
		A996F8EC2B21A608004534A4 /* ProfileView.swift */ = {isa = PBXFileReference; lastKnownFileType = sourcecode.swift; path = ProfileView.swift; sourceTree = "<group>"; };
		A996F8EE2B21A643004534A4 /* EditProfileView.swift */ = {isa = PBXFileReference; lastKnownFileType = sourcecode.swift; path = EditProfileView.swift; sourceTree = "<group>"; };
		A996F8F02B21A673004534A4 /* EditAddressView.swift */ = {isa = PBXFileReference; lastKnownFileType = sourcecode.swift; path = EditAddressView.swift; sourceTree = "<group>"; };
		A996F8F22B21A68B004534A4 /* AddAddressView.swift */ = {isa = PBXFileReference; lastKnownFileType = sourcecode.swift; path = AddAddressView.swift; sourceTree = "<group>"; };
		A996F8F62B21A6BE004534A4 /* NotificationView.swift */ = {isa = PBXFileReference; lastKnownFileType = sourcecode.swift; path = NotificationView.swift; sourceTree = "<group>"; };
		A996F8F82B21A6DB004534A4 /* LanguageView.swift */ = {isa = PBXFileReference; lastKnownFileType = sourcecode.swift; path = LanguageView.swift; sourceTree = "<group>"; };
		A996F8FE2B21A715004534A4 /* LogoutView.swift */ = {isa = PBXFileReference; lastKnownFileType = sourcecode.swift; path = LogoutView.swift; sourceTree = "<group>"; };
		A996F9282B23CBFB004534A4 /* ProfileModel.swift */ = {isa = PBXFileReference; lastKnownFileType = sourcecode.swift; path = ProfileModel.swift; sourceTree = "<group>"; };
		A9B7AD3B2B0F6DD400D5AF06 /* FirstCapstone.app */ = {isa = PBXFileReference; explicitFileType = wrapper.application; includeInIndex = 0; path = FirstCapstone.app; sourceTree = BUILT_PRODUCTS_DIR; };
		A9B7AD3E2B0F6DD400D5AF06 /* FirstCapstoneApp.swift */ = {isa = PBXFileReference; lastKnownFileType = sourcecode.swift; path = FirstCapstoneApp.swift; sourceTree = "<group>"; };
		A9B7AD422B0F6DD600D5AF06 /* Assets.xcassets */ = {isa = PBXFileReference; lastKnownFileType = folder.assetcatalog; path = Assets.xcassets; sourceTree = "<group>"; };
		A9B7AD452B0F6DD600D5AF06 /* Preview Assets.xcassets */ = {isa = PBXFileReference; lastKnownFileType = folder.assetcatalog; path = "Preview Assets.xcassets"; sourceTree = "<group>"; };
		A9B7ADA52B152B5C00D5AF06 /* Tabbar.swift */ = {isa = PBXFileReference; lastKnownFileType = sourcecode.swift; path = Tabbar.swift; sourceTree = "<group>"; };
		A9B7ADB12B153DBD00D5AF06 /* ButtomBarView.swift */ = {isa = PBXFileReference; lastKnownFileType = sourcecode.swift; path = ButtomBarView.swift; sourceTree = "<group>"; };
		A9EDA79F2B2519FA00A0E502 /* UserModel.swift */ = {isa = PBXFileReference; lastKnownFileType = sourcecode.swift; path = UserModel.swift; sourceTree = "<group>"; };
		A9EDA7A12B251A0B00A0E502 /* UserViewModel.swift */ = {isa = PBXFileReference; lastKnownFileType = sourcecode.swift; path = UserViewModel.swift; sourceTree = "<group>"; };
		A9EDA7B02B256A6A00A0E502 /* Item.swift */ = {isa = PBXFileReference; lastKnownFileType = sourcecode.swift; path = Item.swift; sourceTree = "<group>"; };
		A9EDA7B22B256A8C00A0E502 /* Items.swift */ = {isa = PBXFileReference; lastKnownFileType = sourcecode.swift; path = Items.swift; sourceTree = "<group>"; };
		A9EDA7B42B256ACA00A0E502 /* ClassViewModel.swift */ = {isa = PBXFileReference; lastKnownFileType = sourcecode.swift; path = ClassViewModel.swift; sourceTree = "<group>"; };
		A9EDA7B62B256AFD00A0E502 /* SearchBar.swift */ = {isa = PBXFileReference; lastKnownFileType = sourcecode.swift; path = SearchBar.swift; sourceTree = "<group>"; };
		A9EDA7B82B256B2A00A0E502 /* CustomSegmentedPicker.swift */ = {isa = PBXFileReference; lastKnownFileType = sourcecode.swift; path = CustomSegmentedPicker.swift; sourceTree = "<group>"; };
		A9EDA7BA2B256B4300A0E502 /* ClearButton.swift */ = {isa = PBXFileReference; lastKnownFileType = sourcecode.swift; path = ClearButton.swift; sourceTree = "<group>"; };
		A9EDA7BC2B256B7200A0E502 /* HeaderView.swift */ = {isa = PBXFileReference; lastKnownFileType = sourcecode.swift; path = HeaderView.swift; sourceTree = "<group>"; };
		A9EDA7BE2B256B8100A0E502 /* TrackItemView.swift */ = {isa = PBXFileReference; lastKnownFileType = sourcecode.swift; path = TrackItemView.swift; sourceTree = "<group>"; };
		A9EDA7C02B256B9100A0E502 /* OfferSelectionView.swift */ = {isa = PBXFileReference; lastKnownFileType = sourcecode.swift; path = OfferSelectionView.swift; sourceTree = "<group>"; };
		A9EDA7C22B256BAA00A0E502 /* TrackingHistoryView.swift */ = {isa = PBXFileReference; lastKnownFileType = sourcecode.swift; path = TrackingHistoryView.swift; sourceTree = "<group>"; };
		A9EDA7C42B256BC000A0E502 /* ShipmentDetailsView.swift */ = {isa = PBXFileReference; lastKnownFileType = sourcecode.swift; path = ShipmentDetailsView.swift; sourceTree = "<group>"; };
		A9EDA7C62B256BD200A0E502 /* ShipmentPointView.swift */ = {isa = PBXFileReference; lastKnownFileType = sourcecode.swift; path = ShipmentPointView.swift; sourceTree = "<group>"; };
		A9EDA7C82B256BE700A0E502 /* WeightQuantityView.swift */ = {isa = PBXFileReference; lastKnownFileType = sourcecode.swift; path = WeightQuantityView.swift; sourceTree = "<group>"; };
		A9EDA7CA2B256BFB00A0E502 /* ActionButtonView.swift */ = {isa = PBXFileReference; lastKnownFileType = sourcecode.swift; path = ActionButtonView.swift; sourceTree = "<group>"; };
		A9EDA7CC2B256C0C00A0E502 /* ShipmentBox.swift */ = {isa = PBXFileReference; lastKnownFileType = sourcecode.swift; path = ShipmentBox.swift; sourceTree = "<group>"; };
		A9EDA7CE2B256C3C00A0E502 /* ShipmentDestinationView.swift */ = {isa = PBXFileReference; lastKnownFileType = sourcecode.swift; path = ShipmentDestinationView.swift; sourceTree = "<group>"; };
		A9EDA7D02B256C4C00A0E502 /* ShipmentQuantityView.swift */ = {isa = PBXFileReference; lastKnownFileType = sourcecode.swift; path = ShipmentQuantityView.swift; sourceTree = "<group>"; };
		A9EDA7D22B256C6100A0E502 /* DeliveryOptionsView.swift */ = {isa = PBXFileReference; lastKnownFileType = sourcecode.swift; path = DeliveryOptionsView.swift; sourceTree = "<group>"; };
		A9EDA7D42B256C7D00A0E502 /* ShipmentPickPoints.swift */ = {isa = PBXFileReference; lastKnownFileType = sourcecode.swift; path = ShipmentPickPoints.swift; sourceTree = "<group>"; };
		A9EDA7D62B256C9400A0E502 /* ShipmentDetailView.swift */ = {isa = PBXFileReference; lastKnownFileType = sourcecode.swift; path = ShipmentDetailView.swift; sourceTree = "<group>"; };
		A9EDA7D82B256CAC00A0E502 /* ShipmentTypeView.swift */ = {isa = PBXFileReference; lastKnownFileType = sourcecode.swift; path = ShipmentTypeView.swift; sourceTree = "<group>"; };
		A9EDA7DA2B256CC300A0E502 /* ShipmentTrackingView.swift */ = {isa = PBXFileReference; lastKnownFileType = sourcecode.swift; path = ShipmentTrackingView.swift; sourceTree = "<group>"; };
		A9EDA7DC2B256DE600A0E502 /* HomeView.swift */ = {isa = PBXFileReference; lastKnownFileType = sourcecode.swift; path = HomeView.swift; sourceTree = "<group>"; };
		A9EDA7DE2B256DF500A0E502 /* CheckRatesView.swift */ = {isa = PBXFileReference; lastKnownFileType = sourcecode.swift; path = CheckRatesView.swift; sourceTree = "<group>"; };
		A9EDA7E02B256E0000A0E502 /* RatesView.swift */ = {isa = PBXFileReference; lastKnownFileType = sourcecode.swift; path = RatesView.swift; sourceTree = "<group>"; };
		A9EDA7E22B256E1300A0E502 /* TrackingView.swift */ = {isa = PBXFileReference; lastKnownFileType = sourcecode.swift; path = TrackingView.swift; sourceTree = "<group>"; };
		A9EDA7E42B256E2300A0E502 /* LiveTracking.swift */ = {isa = PBXFileReference; lastKnownFileType = sourcecode.swift; path = LiveTracking.swift; sourceTree = "<group>"; };
		A9EDA7E62B256E3300A0E502 /* AddShipmentView.swift */ = {isa = PBXFileReference; lastKnownFileType = sourcecode.swift; path = AddShipmentView.swift; sourceTree = "<group>"; };
		A9EDA7E82B256E3E00A0E502 /* ParcelView.swift */ = {isa = PBXFileReference; lastKnownFileType = sourcecode.swift; path = ParcelView.swift; sourceTree = "<group>"; };
		A9EDA7EA2B256E4B00A0E502 /* PaymentMethod.swift */ = {isa = PBXFileReference; lastKnownFileType = sourcecode.swift; path = PaymentMethod.swift; sourceTree = "<group>"; };
		A9EDA7EC2B256E5800A0E502 /* Vouchers.swift */ = {isa = PBXFileReference; lastKnownFileType = sourcecode.swift; path = Vouchers.swift; sourceTree = "<group>"; };
		A9EDA7EE2B25737100A0E502 /* DeliverModel.swift */ = {isa = PBXFileReference; lastKnownFileType = sourcecode.swift; path = DeliverModel.swift; sourceTree = "<group>"; };
		A9EDA7F02B25737F00A0E502 /* ParcelModel.swift */ = {isa = PBXFileReference; lastKnownFileType = sourcecode.swift; path = ParcelModel.swift; sourceTree = "<group>"; };
		A9EDA7F52B2573ED00A0E502 /* ChatViewModel.swift */ = {isa = PBXFileReference; lastKnownFileType = sourcecode.swift; path = ChatViewModel.swift; sourceTree = "<group>"; };
		A9EDA7F72B2573FB00A0E502 /* DeliverViewModel.swift */ = {isa = PBXFileReference; lastKnownFileType = sourcecode.swift; path = DeliverViewModel.swift; sourceTree = "<group>"; };
		A9EDA7F92B25740500A0E502 /* ParcelViewModel.swift */ = {isa = PBXFileReference; lastKnownFileType = sourcecode.swift; path = ParcelViewModel.swift; sourceTree = "<group>"; };
		A9EDA7FB2B25742200A0E502 /* OnBoardingView.swift */ = {isa = PBXFileReference; lastKnownFileType = sourcecode.swift; path = OnBoardingView.swift; sourceTree = "<group>"; };
		A9EDA7FD2B25742B00A0E502 /* WelcomeView.swift */ = {isa = PBXFileReference; lastKnownFileType = sourcecode.swift; path = WelcomeView.swift; sourceTree = "<group>"; };
		A9EDA8002B25744800A0E502 /* SignInView.swift */ = {isa = PBXFileReference; lastKnownFileType = sourcecode.swift; path = SignInView.swift; sourceTree = "<group>"; };
		A9EDA8022B25745C00A0E502 /* SignUpView.swift */ = {isa = PBXFileReference; lastKnownFileType = sourcecode.swift; path = SignUpView.swift; sourceTree = "<group>"; };
		A9EDA8042B25747000A0E502 /* EmailField.swift */ = {isa = PBXFileReference; lastKnownFileType = sourcecode.swift; path = EmailField.swift; sourceTree = "<group>"; };
		A9EDA8062B25747B00A0E502 /* PasswordField.swift */ = {isa = PBXFileReference; lastKnownFileType = sourcecode.swift; path = PasswordField.swift; sourceTree = "<group>"; };
		A9EDA8082B25748F00A0E502 /* FullnameField.swift */ = {isa = PBXFileReference; lastKnownFileType = sourcecode.swift; path = FullnameField.swift; sourceTree = "<group>"; };
		A9EDA80A2B2574A500A0E502 /* MapView.swift */ = {isa = PBXFileReference; lastKnownFileType = sourcecode.swift; path = MapView.swift; sourceTree = "<group>"; };
		A9EDA80C2B2574B000A0E502 /* ChatView.swift */ = {isa = PBXFileReference; lastKnownFileType = sourcecode.swift; path = ChatView.swift; sourceTree = "<group>"; };
		A9EDA80E2B2574BB00A0E502 /* CardView.swift */ = {isa = PBXFileReference; lastKnownFileType = sourcecode.swift; path = CardView.swift; sourceTree = "<group>"; };
		A9EDA8152B25796100A0E502 /* ar */ = {isa = PBXFileReference; lastKnownFileType = text.plist.strings; name = ar; path = ar.lproj/Localizable.strings; sourceTree = "<group>"; };
		A9EDA8162B257BF000A0E502 /* en */ = {isa = PBXFileReference; fileEncoding = 4; lastKnownFileType = text.plist.strings; name = en; path = en.lproj/Localizable.strings; sourceTree = "<group>"; };
		A9EDA8172B258BA200A0E502 /* LocalizationViewModel.swift */ = {isa = PBXFileReference; lastKnownFileType = sourcecode.swift; path = LocalizationViewModel.swift; sourceTree = "<group>"; };
/* End PBXFileReference section */

/* Begin PBXFrameworksBuildPhase section */
		A9B7AD382B0F6DD400D5AF06 /* Frameworks */ = {
			isa = PBXFrameworksBuildPhase;
			buildActionMask = 2147483647;
			files = (
				A9EDA7A52B2558E800A0E502 /* Lottie in Frameworks */,
			);
			runOnlyForDeploymentPostprocessing = 0;
		};
/* End PBXFrameworksBuildPhase section */

/* Begin PBXGroup section */
		A9B7AD322B0F6DD300D5AF06 = {
			isa = PBXGroup;
			children = (
				A9B7AD3D2B0F6DD400D5AF06 /* FirstCapstone */,
				A9B7AD3C2B0F6DD400D5AF06 /* Products */,
			);
			sourceTree = "<group>";
		};
		A9B7AD3C2B0F6DD400D5AF06 /* Products */ = {
			isa = PBXGroup;
			children = (
				A9B7AD3B2B0F6DD400D5AF06 /* FirstCapstone.app */,
			);
			name = Products;
			sourceTree = "<group>";
		};
		A9B7AD3D2B0F6DD400D5AF06 /* FirstCapstone */ = {
			isa = PBXGroup;
			children = (
				A9EDA7A92B2569FA00A0E502 /* Abdulrahman */,
				A9EDA7A82B25699E00A0E502 /* Khalids */,
				A9B7ADA12B15233B00D5AF06 /* Fahads */,
				A9B7AD3E2B0F6DD400D5AF06 /* FirstCapstoneApp.swift */,
				A9B7AD422B0F6DD600D5AF06 /* Assets.xcassets */,
				A9EDA8142B25795F00A0E502 /* Localizable.strings */,
				A9B7AD442B0F6DD600D5AF06 /* Preview Content */,
			);
			path = FirstCapstone;
			sourceTree = "<group>";
		};
		A9B7AD442B0F6DD600D5AF06 /* Preview Content */ = {
			isa = PBXGroup;
			children = (
				A9B7AD452B0F6DD600D5AF06 /* Preview Assets.xcassets */,
			);
			path = "Preview Content";
			sourceTree = "<group>";
		};
		A9B7AD4C2B126ADC00D5AF06 /* View */ = {
			isa = PBXGroup;
			children = (
				A9B7ADA42B152B3A00D5AF06 /* Components */,
				A996F8EC2B21A608004534A4 /* ProfileView.swift */,
				A996F8EE2B21A643004534A4 /* EditProfileView.swift */,
				A996F8F02B21A673004534A4 /* EditAddressView.swift */,
				A996F8F22B21A68B004534A4 /* AddAddressView.swift */,
				A996F8F62B21A6BE004534A4 /* NotificationView.swift */,
				A996F8F82B21A6DB004534A4 /* LanguageView.swift */,
				A996F8FE2B21A715004534A4 /* LogoutView.swift */,
			);
			path = View;
			sourceTree = "<group>";
		};
		A9B7ADA12B15233B00D5AF06 /* Fahads */ = {
			isa = PBXGroup;
			children = (
				A9B7ADA32B15235800D5AF06 /* Model */,
				A9B7ADA22B15234E00D5AF06 /* ViewModel */,
				A9B7AD4C2B126ADC00D5AF06 /* View */,
			);
			path = Fahads;
			sourceTree = "<group>";
		};
		A9B7ADA22B15234E00D5AF06 /* ViewModel */ = {
			isa = PBXGroup;
			children = (
				A9EDA7A12B251A0B00A0E502 /* UserViewModel.swift */,
				A9EDA8172B258BA200A0E502 /* LocalizationViewModel.swift */,
			);
			path = ViewModel;
			sourceTree = "<group>";
		};
		A9B7ADA32B15235800D5AF06 /* Model */ = {
			isa = PBXGroup;
			children = (
				A996F9282B23CBFB004534A4 /* ProfileModel.swift */,
				A9EDA79F2B2519FA00A0E502 /* UserModel.swift */,
			);
			path = Model;
			sourceTree = "<group>";
		};
		A9B7ADA42B152B3A00D5AF06 /* Components */ = {
			isa = PBXGroup;
			children = (
				A9B7ADAA2B152C2700D5AF06 /* CustomTabBar */,
			);
			path = Components;
			sourceTree = "<group>";
		};
		A9B7ADAA2B152C2700D5AF06 /* CustomTabBar */ = {
			isa = PBXGroup;
			children = (
				A9B7ADA52B152B5C00D5AF06 /* Tabbar.swift */,
				A9B7ADB12B153DBD00D5AF06 /* ButtomBarView.swift */,
			);
			path = CustomTabBar;
			sourceTree = "<group>";
		};
		A9EDA7A82B25699E00A0E502 /* Khalids */ = {
			isa = PBXGroup;
			children = (
				A9EDA7AF2B256A4800A0E502 /* ViewModel */,
				A9EDA7AE2B256A4000A0E502 /* Model */,
				A9EDA7AD2B256A3700A0E502 /* View */,
				A9EDA7B02B256A6A00A0E502 /* Item.swift */,
			);
			path = Khalids;
			sourceTree = "<group>";
		};
		A9EDA7A92B2569FA00A0E502 /* Abdulrahman */ = {
			isa = PBXGroup;
			children = (
				A9EDA7AC2B256A2200A0E502 /* ViewModel */,
				A9EDA7AB2B256A1C00A0E502 /* View */,
				A9EDA7AA2B256A1400A0E502 /* Model */,
			);
			path = Abdulrahman;
			sourceTree = "<group>";
		};
		A9EDA7AA2B256A1400A0E502 /* Model */ = {
			isa = PBXGroup;
			children = (
				A9EDA7EE2B25737100A0E502 /* DeliverModel.swift */,
				A9EDA7F02B25737F00A0E502 /* ParcelModel.swift */,
			);
			path = Model;
			sourceTree = "<group>";
		};
		A9EDA7AB2B256A1C00A0E502 /* View */ = {
			isa = PBXGroup;
			children = (
				A9EDA7F42B2573A400A0E502 /* OnboardingGroup */,
				A9EDA7F32B25739A00A0E502 /* AuthGroup */,
				A9EDA7F22B25738E00A0E502 /* StatusPageGroup */,
			);
			path = View;
			sourceTree = "<group>";
		};
		A9EDA7AC2B256A2200A0E502 /* ViewModel */ = {
			isa = PBXGroup;
			children = (
				A9EDA7F52B2573ED00A0E502 /* ChatViewModel.swift */,
				A9EDA7F72B2573FB00A0E502 /* DeliverViewModel.swift */,
				A9EDA7F92B25740500A0E502 /* ParcelViewModel.swift */,
			);
			path = ViewModel;
			sourceTree = "<group>";
		};
		A9EDA7AD2B256A3700A0E502 /* View */ = {
			isa = PBXGroup;
			children = (
				A9EDA7DC2B256DE600A0E502 /* HomeView.swift */,
				A9EDA7DE2B256DF500A0E502 /* CheckRatesView.swift */,
				A9EDA7E02B256E0000A0E502 /* RatesView.swift */,
				A9EDA7E22B256E1300A0E502 /* TrackingView.swift */,
				A9EDA7E42B256E2300A0E502 /* LiveTracking.swift */,
				A9EDA7E62B256E3300A0E502 /* AddShipmentView.swift */,
				A9EDA7E82B256E3E00A0E502 /* ParcelView.swift */,
				A9EDA7EA2B256E4B00A0E502 /* PaymentMethod.swift */,
				A9EDA7EC2B256E5800A0E502 /* Vouchers.swift */,
			);
			path = View;
			sourceTree = "<group>";
		};
		A9EDA7AE2B256A4000A0E502 /* Model */ = {
			isa = PBXGroup;
			children = (
				A9EDA7B22B256A8C00A0E502 /* Items.swift */,
			);
			path = Model;
			sourceTree = "<group>";
		};
		A9EDA7AF2B256A4800A0E502 /* ViewModel */ = {
			isa = PBXGroup;
			children = (
				A9EDA7B42B256ACA00A0E502 /* ClassViewModel.swift */,
				A9EDA7B62B256AFD00A0E502 /* SearchBar.swift */,
				A9EDA7B82B256B2A00A0E502 /* CustomSegmentedPicker.swift */,
				A9EDA7BA2B256B4300A0E502 /* ClearButton.swift */,
				A9EDA7BC2B256B7200A0E502 /* HeaderView.swift */,
				A9EDA7BE2B256B8100A0E502 /* TrackItemView.swift */,
				A9EDA7C02B256B9100A0E502 /* OfferSelectionView.swift */,
				A9EDA7C22B256BAA00A0E502 /* TrackingHistoryView.swift */,
				A9EDA7C42B256BC000A0E502 /* ShipmentDetailsView.swift */,
				A9EDA7C62B256BD200A0E502 /* ShipmentPointView.swift */,
				A9EDA7C82B256BE700A0E502 /* WeightQuantityView.swift */,
				A9EDA7CA2B256BFB00A0E502 /* ActionButtonView.swift */,
				A9EDA7CC2B256C0C00A0E502 /* ShipmentBox.swift */,
				A9EDA7CE2B256C3C00A0E502 /* ShipmentDestinationView.swift */,
				A9EDA7D02B256C4C00A0E502 /* ShipmentQuantityView.swift */,
				A9EDA7D22B256C6100A0E502 /* DeliveryOptionsView.swift */,
				A9EDA7D42B256C7D00A0E502 /* ShipmentPickPoints.swift */,
				A9EDA7D62B256C9400A0E502 /* ShipmentDetailView.swift */,
				A9EDA7D82B256CAC00A0E502 /* ShipmentTypeView.swift */,
				A9EDA7DA2B256CC300A0E502 /* ShipmentTrackingView.swift */,
			);
			path = ViewModel;
			sourceTree = "<group>";
		};
		A9EDA7F22B25738E00A0E502 /* StatusPageGroup */ = {
			isa = PBXGroup;
			children = (
				A9EDA80A2B2574A500A0E502 /* MapView.swift */,
				A9EDA80C2B2574B000A0E502 /* ChatView.swift */,
				A9EDA80E2B2574BB00A0E502 /* CardView.swift */,
			);
			path = StatusPageGroup;
			sourceTree = "<group>";
		};
		A9EDA7F32B25739A00A0E502 /* AuthGroup */ = {
			isa = PBXGroup;
			children = (
				A9EDA7FF2B25743A00A0E502 /* Design */,
				A9EDA8002B25744800A0E502 /* SignInView.swift */,
				A9EDA8022B25745C00A0E502 /* SignUpView.swift */,
			);
			path = AuthGroup;
			sourceTree = "<group>";
		};
		A9EDA7F42B2573A400A0E502 /* OnboardingGroup */ = {
			isa = PBXGroup;
			children = (
				A9EDA7FB2B25742200A0E502 /* OnBoardingView.swift */,
				A9EDA7FD2B25742B00A0E502 /* WelcomeView.swift */,
			);
			path = OnboardingGroup;
			sourceTree = "<group>";
		};
		A9EDA7FF2B25743A00A0E502 /* Design */ = {
			isa = PBXGroup;
			children = (
				A9EDA8042B25747000A0E502 /* EmailField.swift */,
				A9EDA8062B25747B00A0E502 /* PasswordField.swift */,
				A9EDA8082B25748F00A0E502 /* FullnameField.swift */,
			);
			path = Design;
			sourceTree = "<group>";
		};
/* End PBXGroup section */

/* Begin PBXNativeTarget section */
		A9B7AD3A2B0F6DD400D5AF06 /* FirstCapstone */ = {
			isa = PBXNativeTarget;
			buildConfigurationList = A9B7AD492B0F6DD600D5AF06 /* Build configuration list for PBXNativeTarget "FirstCapstone" */;
			buildPhases = (
				A9B7AD372B0F6DD400D5AF06 /* Sources */,
				A9B7AD382B0F6DD400D5AF06 /* Frameworks */,
				A9B7AD392B0F6DD400D5AF06 /* Resources */,
			);
			buildRules = (
			);
			dependencies = (
			);
			name = FirstCapstone;
			packageProductDependencies = (
				A9EDA7A42B2558E800A0E502 /* Lottie */,
			);
			productName = FirstCapstone;
			productReference = A9B7AD3B2B0F6DD400D5AF06 /* FirstCapstone.app */;
			productType = "com.apple.product-type.application";
		};
/* End PBXNativeTarget section */

/* Begin PBXProject section */
		A9B7AD332B0F6DD400D5AF06 /* Project object */ = {
			isa = PBXProject;
			attributes = {
				BuildIndependentTargetsInParallel = 1;
				LastSwiftUpdateCheck = 1500;
				LastUpgradeCheck = 1500;
				TargetAttributes = {
					A9B7AD3A2B0F6DD400D5AF06 = {
						CreatedOnToolsVersion = 15.0;
					};
				};
			};
			buildConfigurationList = A9B7AD362B0F6DD400D5AF06 /* Build configuration list for PBXProject "FirstCapstone" */;
			compatibilityVersion = "Xcode 14.0";
			developmentRegion = en;
			hasScannedForEncodings = 0;
			knownRegions = (
				en,
				Base,
				ar,
			);
			mainGroup = A9B7AD322B0F6DD300D5AF06;
			packageReferences = (
				A9EDA7A32B2558E800A0E502 /* XCRemoteSwiftPackageReference "lottie-ios" */,
			);
			productRefGroup = A9B7AD3C2B0F6DD400D5AF06 /* Products */;
			projectDirPath = "";
			projectRoot = "";
			targets = (
				A9B7AD3A2B0F6DD400D5AF06 /* FirstCapstone */,
			);
		};
/* End PBXProject section */

/* Begin PBXResourcesBuildPhase section */
		A9B7AD392B0F6DD400D5AF06 /* Resources */ = {
			isa = PBXResourcesBuildPhase;
			buildActionMask = 2147483647;
			files = (
				A9B7AD462B0F6DD600D5AF06 /* Preview Assets.xcassets in Resources */,
				A9EDA8122B25795F00A0E502 /* Localizable.strings in Resources */,
				A9B7AD432B0F6DD600D5AF06 /* Assets.xcassets in Resources */,
			);
			runOnlyForDeploymentPostprocessing = 0;
		};
/* End PBXResourcesBuildPhase section */

/* Begin PBXSourcesBuildPhase section */
		A9B7AD372B0F6DD400D5AF06 /* Sources */ = {
			isa = PBXSourcesBuildPhase;
			buildActionMask = 2147483647;
			files = (
				A996F9292B23CBFB004534A4 /* ProfileModel.swift in Sources */,
				A9EDA80D2B2574B000A0E502 /* ChatView.swift in Sources */,
				A9EDA7E12B256E0000A0E502 /* RatesView.swift in Sources */,
				A9EDA7FA2B25740500A0E502 /* ParcelViewModel.swift in Sources */,
				A9EDA8052B25747000A0E502 /* EmailField.swift in Sources */,
				A9EDA7CF2B256C3C00A0E502 /* ShipmentDestinationView.swift in Sources */,
				A9B7AD3F2B0F6DD400D5AF06 /* FirstCapstoneApp.swift in Sources */,
				A9EDA7C52B256BC000A0E502 /* ShipmentDetailsView.swift in Sources */,
				A9EDA7FE2B25742B00A0E502 /* WelcomeView.swift in Sources */,
				A9EDA7D52B256C7D00A0E502 /* ShipmentPickPoints.swift in Sources */,
				A9EDA7D72B256C9400A0E502 /* ShipmentDetailView.swift in Sources */,
				A9EDA7FC2B25742200A0E502 /* OnBoardingView.swift in Sources */,
				A9EDA7C32B256BAA00A0E502 /* TrackingHistoryView.swift in Sources */,
				A9EDA7B52B256ACA00A0E502 /* ClassViewModel.swift in Sources */,
				A9EDA7F62B2573ED00A0E502 /* ChatViewModel.swift in Sources */,
				A996F8F72B21A6BE004534A4 /* NotificationView.swift in Sources */,
				A9EDA7BD2B256B7200A0E502 /* HeaderView.swift in Sources */,
				A9EDA8032B25745C00A0E502 /* SignUpView.swift in Sources */,
				A9EDA7E72B256E3300A0E502 /* AddShipmentView.swift in Sources */,
				A9EDA7E92B256E3E00A0E502 /* ParcelView.swift in Sources */,
				A9EDA7E32B256E1300A0E502 /* TrackingView.swift in Sources */,
				A9EDA8092B25748F00A0E502 /* FullnameField.swift in Sources */,
				A9EDA7DD2B256DE600A0E502 /* HomeView.swift in Sources */,
				A9EDA7C12B256B9100A0E502 /* OfferSelectionView.swift in Sources */,
				A9EDA7B92B256B2A00A0E502 /* CustomSegmentedPicker.swift in Sources */,
				A996F8F92B21A6DB004534A4 /* LanguageView.swift in Sources */,
				A9EDA7EF2B25737100A0E502 /* DeliverModel.swift in Sources */,
				A9EDA8012B25744800A0E502 /* SignInView.swift in Sources */,
				A9EDA7DB2B256CC300A0E502 /* ShipmentTrackingView.swift in Sources */,
				A9EDA7F12B25737F00A0E502 /* ParcelModel.swift in Sources */,
				A996F8FF2B21A715004534A4 /* LogoutView.swift in Sources */,
				A9EDA7ED2B256E5800A0E502 /* Vouchers.swift in Sources */,
				A9EDA7EB2B256E4B00A0E502 /* PaymentMethod.swift in Sources */,
				A9EDA80F2B2574BB00A0E502 /* CardView.swift in Sources */,
				A9EDA7D32B256C6100A0E502 /* DeliveryOptionsView.swift in Sources */,
				A9EDA8182B258BA200A0E502 /* LocalizationViewModel.swift in Sources */,
				A9EDA7F82B2573FB00A0E502 /* DeliverViewModel.swift in Sources */,
				A9EDA7BB2B256B4300A0E502 /* ClearButton.swift in Sources */,
				A9EDA7B32B256A8C00A0E502 /* Items.swift in Sources */,
				A9EDA7C92B256BE700A0E502 /* WeightQuantityView.swift in Sources */,
				A9EDA7CB2B256BFB00A0E502 /* ActionButtonView.swift in Sources */,
				A9EDA7DF2B256DF500A0E502 /* CheckRatesView.swift in Sources */,
				A9EDA7E52B256E2300A0E502 /* LiveTracking.swift in Sources */,
				A9EDA7C72B256BD200A0E502 /* ShipmentPointView.swift in Sources */,
				A996F8F32B21A68B004534A4 /* AddAddressView.swift in Sources */,
				A9EDA80B2B2574A500A0E502 /* MapView.swift in Sources */,
				A9EDA7BF2B256B8100A0E502 /* TrackItemView.swift in Sources */,
				A9EDA7B12B256A6A00A0E502 /* Item.swift in Sources */,
				A9EDA7A02B2519FA00A0E502 /* UserModel.swift in Sources */,
				A9EDA7D12B256C4C00A0E502 /* ShipmentQuantityView.swift in Sources */,
				A9EDA7B72B256AFD00A0E502 /* SearchBar.swift in Sources */,
				A9EDA7D92B256CAC00A0E502 /* ShipmentTypeView.swift in Sources */,
				A996F8EF2B21A643004534A4 /* EditProfileView.swift in Sources */,
				A9B7ADA62B152B5C00D5AF06 /* Tabbar.swift in Sources */,
				A996F8ED2B21A608004534A4 /* ProfileView.swift in Sources */,
				A9EDA7A22B251A0B00A0E502 /* UserViewModel.swift in Sources */,
				A9EDA7CD2B256C0C00A0E502 /* ShipmentBox.swift in Sources */,
				A9EDA8072B25747B00A0E502 /* PasswordField.swift in Sources */,
				A9B7ADB22B153DBD00D5AF06 /* ButtomBarView.swift in Sources */,
				A996F8F12B21A673004534A4 /* EditAddressView.swift in Sources */,
			);
			runOnlyForDeploymentPostprocessing = 0;
		};
/* End PBXSourcesBuildPhase section */

/* Begin PBXVariantGroup section */
		A9EDA8142B25795F00A0E502 /* Localizable.strings */ = {
			isa = PBXVariantGroup;
			children = (
				A9EDA8152B25796100A0E502 /* ar */,
				A9EDA8162B257BF000A0E502 /* en */,
			);
			name = Localizable.strings;
			sourceTree = "<group>";
		};
/* End PBXVariantGroup section */

/* Begin XCBuildConfiguration section */
		A9B7AD472B0F6DD600D5AF06 /* Debug */ = {
			isa = XCBuildConfiguration;
			buildSettings = {
				ALWAYS_SEARCH_USER_PATHS = NO;
				ASSETCATALOG_COMPILER_GENERATE_SWIFT_ASSET_SYMBOL_EXTENSIONS = YES;
				CLANG_ANALYZER_NONNULL = YES;
				CLANG_ANALYZER_NUMBER_OBJECT_CONVERSION = YES_AGGRESSIVE;
				CLANG_CXX_LANGUAGE_STANDARD = "gnu++20";
				CLANG_ENABLE_MODULES = YES;
				CLANG_ENABLE_OBJC_ARC = YES;
				CLANG_ENABLE_OBJC_WEAK = YES;
				CLANG_WARN_BLOCK_CAPTURE_AUTORELEASING = YES;
				CLANG_WARN_BOOL_CONVERSION = YES;
				CLANG_WARN_COMMA = YES;
				CLANG_WARN_CONSTANT_CONVERSION = YES;
				CLANG_WARN_DEPRECATED_OBJC_IMPLEMENTATIONS = YES;
				CLANG_WARN_DIRECT_OBJC_ISA_USAGE = YES_ERROR;
				CLANG_WARN_DOCUMENTATION_COMMENTS = YES;
				CLANG_WARN_EMPTY_BODY = YES;
				CLANG_WARN_ENUM_CONVERSION = YES;
				CLANG_WARN_INFINITE_RECURSION = YES;
				CLANG_WARN_INT_CONVERSION = YES;
				CLANG_WARN_NON_LITERAL_NULL_CONVERSION = YES;
				CLANG_WARN_OBJC_IMPLICIT_RETAIN_SELF = YES;
				CLANG_WARN_OBJC_LITERAL_CONVERSION = YES;
				CLANG_WARN_OBJC_ROOT_CLASS = YES_ERROR;
				CLANG_WARN_QUOTED_INCLUDE_IN_FRAMEWORK_HEADER = YES;
				CLANG_WARN_RANGE_LOOP_ANALYSIS = YES;
				CLANG_WARN_STRICT_PROTOTYPES = YES;
				CLANG_WARN_SUSPICIOUS_MOVE = YES;
				CLANG_WARN_UNGUARDED_AVAILABILITY = YES_AGGRESSIVE;
				CLANG_WARN_UNREACHABLE_CODE = YES;
				CLANG_WARN__DUPLICATE_METHOD_MATCH = YES;
				COPY_PHASE_STRIP = NO;
				DEBUG_INFORMATION_FORMAT = dwarf;
				ENABLE_STRICT_OBJC_MSGSEND = YES;
				ENABLE_TESTABILITY = YES;
				ENABLE_USER_SCRIPT_SANDBOXING = YES;
				GCC_C_LANGUAGE_STANDARD = gnu17;
				GCC_DYNAMIC_NO_PIC = NO;
				GCC_NO_COMMON_BLOCKS = YES;
				GCC_OPTIMIZATION_LEVEL = 0;
				GCC_PREPROCESSOR_DEFINITIONS = (
					"DEBUG=1",
					"$(inherited)",
				);
				GCC_WARN_64_TO_32_BIT_CONVERSION = YES;
				GCC_WARN_ABOUT_RETURN_TYPE = YES_ERROR;
				GCC_WARN_UNDECLARED_SELECTOR = YES;
				GCC_WARN_UNINITIALIZED_AUTOS = YES_AGGRESSIVE;
				GCC_WARN_UNUSED_FUNCTION = YES;
				GCC_WARN_UNUSED_VARIABLE = YES;
				IPHONEOS_DEPLOYMENT_TARGET = 17.0;
				LOCALIZATION_PREFERS_STRING_CATALOGS = YES;
				MTL_ENABLE_DEBUG_INFO = INCLUDE_SOURCE;
				MTL_FAST_MATH = YES;
				ONLY_ACTIVE_ARCH = YES;
				SDKROOT = iphoneos;
				SWIFT_ACTIVE_COMPILATION_CONDITIONS = "DEBUG $(inherited)";
				SWIFT_OPTIMIZATION_LEVEL = "-Onone";
			};
			name = Debug;
		};
		A9B7AD482B0F6DD600D5AF06 /* Release */ = {
			isa = XCBuildConfiguration;
			buildSettings = {
				ALWAYS_SEARCH_USER_PATHS = NO;
				ASSETCATALOG_COMPILER_GENERATE_SWIFT_ASSET_SYMBOL_EXTENSIONS = YES;
				CLANG_ANALYZER_NONNULL = YES;
				CLANG_ANALYZER_NUMBER_OBJECT_CONVERSION = YES_AGGRESSIVE;
				CLANG_CXX_LANGUAGE_STANDARD = "gnu++20";
				CLANG_ENABLE_MODULES = YES;
				CLANG_ENABLE_OBJC_ARC = YES;
				CLANG_ENABLE_OBJC_WEAK = YES;
				CLANG_WARN_BLOCK_CAPTURE_AUTORELEASING = YES;
				CLANG_WARN_BOOL_CONVERSION = YES;
				CLANG_WARN_COMMA = YES;
				CLANG_WARN_CONSTANT_CONVERSION = YES;
				CLANG_WARN_DEPRECATED_OBJC_IMPLEMENTATIONS = YES;
				CLANG_WARN_DIRECT_OBJC_ISA_USAGE = YES_ERROR;
				CLANG_WARN_DOCUMENTATION_COMMENTS = YES;
				CLANG_WARN_EMPTY_BODY = YES;
				CLANG_WARN_ENUM_CONVERSION = YES;
				CLANG_WARN_INFINITE_RECURSION = YES;
				CLANG_WARN_INT_CONVERSION = YES;
				CLANG_WARN_NON_LITERAL_NULL_CONVERSION = YES;
				CLANG_WARN_OBJC_IMPLICIT_RETAIN_SELF = YES;
				CLANG_WARN_OBJC_LITERAL_CONVERSION = YES;
				CLANG_WARN_OBJC_ROOT_CLASS = YES_ERROR;
				CLANG_WARN_QUOTED_INCLUDE_IN_FRAMEWORK_HEADER = YES;
				CLANG_WARN_RANGE_LOOP_ANALYSIS = YES;
				CLANG_WARN_STRICT_PROTOTYPES = YES;
				CLANG_WARN_SUSPICIOUS_MOVE = YES;
				CLANG_WARN_UNGUARDED_AVAILABILITY = YES_AGGRESSIVE;
				CLANG_WARN_UNREACHABLE_CODE = YES;
				CLANG_WARN__DUPLICATE_METHOD_MATCH = YES;
				COPY_PHASE_STRIP = NO;
				DEBUG_INFORMATION_FORMAT = "dwarf-with-dsym";
				ENABLE_NS_ASSERTIONS = NO;
				ENABLE_STRICT_OBJC_MSGSEND = YES;
				ENABLE_USER_SCRIPT_SANDBOXING = YES;
				GCC_C_LANGUAGE_STANDARD = gnu17;
				GCC_NO_COMMON_BLOCKS = YES;
				GCC_WARN_64_TO_32_BIT_CONVERSION = YES;
				GCC_WARN_ABOUT_RETURN_TYPE = YES_ERROR;
				GCC_WARN_UNDECLARED_SELECTOR = YES;
				GCC_WARN_UNINITIALIZED_AUTOS = YES_AGGRESSIVE;
				GCC_WARN_UNUSED_FUNCTION = YES;
				GCC_WARN_UNUSED_VARIABLE = YES;
				IPHONEOS_DEPLOYMENT_TARGET = 17.0;
				LOCALIZATION_PREFERS_STRING_CATALOGS = YES;
				MTL_ENABLE_DEBUG_INFO = NO;
				MTL_FAST_MATH = YES;
				SDKROOT = iphoneos;
				SWIFT_COMPILATION_MODE = wholemodule;
				VALIDATE_PRODUCT = YES;
			};
			name = Release;
		};
		A9B7AD4A2B0F6DD600D5AF06 /* Debug */ = {
			isa = XCBuildConfiguration;
			buildSettings = {
				ASSETCATALOG_COMPILER_APPICON_NAME = AppIcon;
				ASSETCATALOG_COMPILER_GLOBAL_ACCENT_COLOR_NAME = AccentColor;
				CODE_SIGN_STYLE = Automatic;
				CURRENT_PROJECT_VERSION = 1;
				DEVELOPMENT_ASSET_PATHS = "\"FirstCapstone/Preview Content\"";
				ENABLE_PREVIEWS = YES;
				GENERATE_INFOPLIST_FILE = YES;
				INFOPLIST_KEY_UIApplicationSceneManifest_Generation = YES;
				INFOPLIST_KEY_UIApplicationSupportsIndirectInputEvents = YES;
				INFOPLIST_KEY_UILaunchScreen_Generation = YES;
				INFOPLIST_KEY_UISupportedInterfaceOrientations_iPad = "UIInterfaceOrientationPortrait UIInterfaceOrientationPortraitUpsideDown UIInterfaceOrientationLandscapeLeft UIInterfaceOrientationLandscapeRight";
				INFOPLIST_KEY_UISupportedInterfaceOrientations_iPhone = "UIInterfaceOrientationPortrait UIInterfaceOrientationLandscapeLeft UIInterfaceOrientationLandscapeRight";
				LD_RUNPATH_SEARCH_PATHS = (
					"$(inherited)",
					"@executable_path/Frameworks",
				);
				MARKETING_VERSION = 1.0;
				PRODUCT_BUNDLE_IDENTIFIER = com.example.FirstCapstone;
				PRODUCT_NAME = "$(TARGET_NAME)";
				SWIFT_EMIT_LOC_STRINGS = YES;
				SWIFT_VERSION = 5.0;
				TARGETED_DEVICE_FAMILY = "1,2";
			};
			name = Debug;
		};
		A9B7AD4B2B0F6DD600D5AF06 /* Release */ = {
			isa = XCBuildConfiguration;
			buildSettings = {
				ASSETCATALOG_COMPILER_APPICON_NAME = AppIcon;
				ASSETCATALOG_COMPILER_GLOBAL_ACCENT_COLOR_NAME = AccentColor;
				CODE_SIGN_STYLE = Automatic;
				CURRENT_PROJECT_VERSION = 1;
				DEVELOPMENT_ASSET_PATHS = "\"FirstCapstone/Preview Content\"";
				ENABLE_PREVIEWS = YES;
				GENERATE_INFOPLIST_FILE = YES;
				INFOPLIST_KEY_UIApplicationSceneManifest_Generation = YES;
				INFOPLIST_KEY_UIApplicationSupportsIndirectInputEvents = YES;
				INFOPLIST_KEY_UILaunchScreen_Generation = YES;
				INFOPLIST_KEY_UISupportedInterfaceOrientations_iPad = "UIInterfaceOrientationPortrait UIInterfaceOrientationPortraitUpsideDown UIInterfaceOrientationLandscapeLeft UIInterfaceOrientationLandscapeRight";
				INFOPLIST_KEY_UISupportedInterfaceOrientations_iPhone = "UIInterfaceOrientationPortrait UIInterfaceOrientationLandscapeLeft UIInterfaceOrientationLandscapeRight";
				LD_RUNPATH_SEARCH_PATHS = (
					"$(inherited)",
					"@executable_path/Frameworks",
				);
				MARKETING_VERSION = 1.0;
				PRODUCT_BUNDLE_IDENTIFIER = com.example.FirstCapstone;
				PRODUCT_NAME = "$(TARGET_NAME)";
				SWIFT_EMIT_LOC_STRINGS = YES;
				SWIFT_VERSION = 5.0;
				TARGETED_DEVICE_FAMILY = "1,2";
			};
			name = Release;
		};
/* End XCBuildConfiguration section */

/* Begin XCConfigurationList section */
		A9B7AD362B0F6DD400D5AF06 /* Build configuration list for PBXProject "FirstCapstone" */ = {
			isa = XCConfigurationList;
			buildConfigurations = (
				A9B7AD472B0F6DD600D5AF06 /* Debug */,
				A9B7AD482B0F6DD600D5AF06 /* Release */,
			);
			defaultConfigurationIsVisible = 0;
			defaultConfigurationName = Release;
		};
		A9B7AD492B0F6DD600D5AF06 /* Build configuration list for PBXNativeTarget "FirstCapstone" */ = {
			isa = XCConfigurationList;
			buildConfigurations = (
				A9B7AD4A2B0F6DD600D5AF06 /* Debug */,
				A9B7AD4B2B0F6DD600D5AF06 /* Release */,
			);
			defaultConfigurationIsVisible = 0;
			defaultConfigurationName = Release;
		};
/* End XCConfigurationList section */

/* Begin XCRemoteSwiftPackageReference section */
		A9EDA7A32B2558E800A0E502 /* XCRemoteSwiftPackageReference "lottie-ios" */ = {
			isa = XCRemoteSwiftPackageReference;
			repositoryURL = "https://github.com/airbnb/lottie-ios.git";
			requirement = {
				kind = exactVersion;
				version = 4.3.3;
			};
		};
/* End XCRemoteSwiftPackageReference section */

/* Begin XCSwiftPackageProductDependency section */
		A9EDA7A42B2558E800A0E502 /* Lottie */ = {
			isa = XCSwiftPackageProductDependency;
			package = A9EDA7A32B2558E800A0E502 /* XCRemoteSwiftPackageReference "lottie-ios" */;
			productName = Lottie;
		};
/* End XCSwiftPackageProductDependency section */
	};
	rootObject = A9B7AD332B0F6DD400D5AF06 /* Project object */;
}
